
Microsoft Visual Studio Solution File, Format Version 12.00
# Visual Studio 15
VisualStudioVersion = 15.0.28307.438
MinimumVisualStudioVersion = 10.0.40219.1
Project("{FAE04EC0-301F-11D3-BF4B-00C04F79EFBC}") = "StringIO_TextView", "StringIO_TextView\StringIO_TextView.csproj", "{B2FBBE65-A0A9-4C51-847E-07A783C8BBE1}"
EndProject
Global
	GlobalSection(SolutionConfigurationPlatforms) = preSolution
		Debug|Any CPU = Debug|Any CPU
		Release|Any CPU = Release|Any CPU
	EndGlobalSection
	GlobalSection(ProjectConfigurationPlatforms) = postSolution
		{B2FBBE65-A0A9-4C51-847E-07A783C8BBE1}.Debug|Any CPU.ActiveCfg = Debug|Any CPU
		{B2FBBE65-A0A9-4C51-847E-07A783C8BBE1}.Debug|Any CPU.Build.0 = Debug|Any CPU
		{B2FBBE65-A0A9-4C51-847E-07A783C8BBE1}.Release|Any CPU.ActiveCfg = Release|Any CPU
		{B2FBBE65-A0A9-4C51-847E-07A783C8BBE1}.Release|Any CPU.Build.0 = Release|Any CPU
	EndGlobalSection
	GlobalSection(SolutionProperties) = preSolution
		HideSolutionNode = FALSE
	EndGlobalSection
	GlobalSection(ExtensibilityGlobals) = postSolution
		SolutionGuid = {8627C9D2-B287-4B6D-91B7-95BFC66C9788}
	EndGlobalSection
EndGlobal
